
Microsoft Visual Studio Solution File, Format Version 12.00
# Visual Studio Version 16
VisualStudioVersion = 25.0.1700.7
MinimumVisualStudioVersion = 10.0.40219.1
Project("{FAE04EC0-301F-11D3-BF4B-00C04F79EFBC}") = "StaticExercise", "StaticExercise.csproj", "{28E0FA0A-6266-49B8-A3F3-2E911FF9FCC6}"
EndProject
Global
	GlobalSection(SolutionConfigurationPlatforms) = preSolution
		Debug|Any CPU = Debug|Any CPU
		Release|Any CPU = Release|Any CPU
	EndGlobalSection
	GlobalSection(ProjectConfigurationPlatforms) = postSolution
		{28E0FA0A-6266-49B8-A3F3-2E911FF9FCC6}.Debug|Any CPU.ActiveCfg = Debug|Any CPU
		{28E0FA0A-6266-49B8-A3F3-2E911FF9FCC6}.Debug|Any CPU.Build.0 = Debug|Any CPU
		{28E0FA0A-6266-49B8-A3F3-2E911FF9FCC6}.Release|Any CPU.ActiveCfg = Release|Any CPU
		{28E0FA0A-6266-49B8-A3F3-2E911FF9FCC6}.Release|Any CPU.Build.0 = Release|Any CPU
	EndGlobalSection
	GlobalSection(SolutionProperties) = preSolution
		HideSolutionNode = FALSE
	EndGlobalSection
	GlobalSection(ExtensibilityGlobals) = postSolution
		SolutionGuid = {889778C6-A7C9-460E-874F-40033B6BF764}
	EndGlobalSection
EndGlobal
